
Microsoft Visual Studio Solution File, Format Version 12.00
# Visual Studio 15
VisualStudioVersion = 15.0.28307.421
MinimumVisualStudioVersion = 10.0.40219.1
Project("{FAE04EC0-301F-11D3-BF4B-00C04F79EFBC}") = "Shop", "Shop\Shop.csproj", "{AED97DA5-A0B1-4EF2-A652-3B01808E3F13}"
EndProject
Global
	GlobalSection(SolutionConfigurationPlatforms) = preSolution
		Debug|Any CPU = Debug|Any CPU
		Release|Any CPU = Release|Any CPU
	EndGlobalSection
	GlobalSection(ProjectConfigurationPlatforms) = postSolution
		{AED97DA5-A0B1-4EF2-A652-3B01808E3F13}.Debug|Any CPU.ActiveCfg = Debug|Any CPU
		{AED97DA5-A0B1-4EF2-A652-3B01808E3F13}.Debug|Any CPU.Build.0 = Debug|Any CPU
		{AED97DA5-A0B1-4EF2-A652-3B01808E3F13}.Release|Any CPU.ActiveCfg = Release|Any CPU
		{AED97DA5-A0B1-4EF2-A652-3B01808E3F13}.Release|Any CPU.Build.0 = Release|Any CPU
	EndGlobalSection
	GlobalSection(SolutionProperties) = preSolution
		HideSolutionNode = FALSE
	EndGlobalSection
	GlobalSection(ExtensibilityGlobals) = postSolution
		SolutionGuid = {F932B2F6-DFA8-474E-8806-105B1D3F1B8A}
	EndGlobalSection
EndGlobal
